<Solution>
  <Folder Name="/Solution Items/">
    <File Path="README.md" />
  </Folder>
  <Folder Name="/src/">
    <Project Path="src/FluentUI2CSS/FluentUI2CSS.csproj" />
  </Folder>
  <Folder Name="/tests/">
    <Project Path="tests/FluentUI2-CSS-Blazor/FluentUI2-CSS-Blazor.csproj" />
    <Project Path="tests/FluentUI2-CSS-BlazorWASM/FluentUI2-CSS-BlazorWASM.csproj" />
    <Project Path="tests/FluentUI2-CSS-RazorClassLibrary/FluentUI2-CSS-RazorClassLibrary.csproj" />
    <Project Path="tests/FluentUI2-CSS-Scripts/FluentUI2-CSS-Scripts.esproj">
      <Build />
      <Deploy />
    </Project>
  </Folder>
</Solution>
